// !$*UTF8*$!
{
	archiveVersion = 1;
	classes = {
	};
	objectVersion = 46;
	objects = {

/* Begin PBXBuildFile section */
		D73C3A421F3E0431007A09A8 /* CGPoint+Appendix.swift in Sources */ = {isa = PBXBuildFile; fileRef = D73C3A411F3E0431007A09A8 /* CGPoint+Appendix.swift */; };
		D73C3A441F3E0535007A09A8 /* CGSize+Appendix.swift in Sources */ = {isa = PBXBuildFile; fileRef = D73C3A431F3E0535007A09A8 /* CGSize+Appendix.swift */; };
		OBJ_36 /* Appendix.swift in Sources */ = {isa = PBXBuildFile; fileRef = OBJ_8 /* Appendix.swift */; };
		OBJ_37 /* Array+Appendix.swift in Sources */ = {isa = PBXBuildFile; fileRef = OBJ_9 /* Array+Appendix.swift */; };
		OBJ_38 /* CGAffineTransform+Appendix.swift in Sources */ = {isa = PBXBuildFile; fileRef = OBJ_10 /* CGAffineTransform+Appendix.swift */; };
		OBJ_39 /* CGRect+Appendix.swift in Sources */ = {isa = PBXBuildFile; fileRef = OBJ_11 /* CGRect+Appendix.swift */; };
		OBJ_40 /* Date+Appendix.swift in Sources */ = {isa = PBXBuildFile; fileRef = OBJ_12 /* Date+Appendix.swift */; };
		OBJ_41 /* Dictionary+Appendix.swift in Sources */ = {isa = PBXBuildFile; fileRef = OBJ_13 /* Dictionary+Appendix.swift */; };
		OBJ_42 /* Dispatch+Appendix.swift in Sources */ = {isa = PBXBuildFile; fileRef = OBJ_14 /* Dispatch+Appendix.swift */; };
		OBJ_43 /* Int+Appendix.swift in Sources */ = {isa = PBXBuildFile; fileRef = OBJ_15 /* Int+Appendix.swift */; };
		OBJ_44 /* NSAttributedString+Appendix.swift in Sources */ = {isa = PBXBuildFile; fileRef = OBJ_16 /* NSAttributedString+Appendix.swift */; };
		OBJ_45 /* NSNumberFormatter+Appendix.swift in Sources */ = {isa = PBXBuildFile; fileRef = OBJ_17 /* NSNumberFormatter+Appendix.swift */; };
		OBJ_46 /* NSURL+Appendix.swift in Sources */ = {isa = PBXBuildFile; fileRef = OBJ_18 /* NSURL+Appendix.swift */; };
		OBJ_47 /* String+Appendix.swift in Sources */ = {isa = PBXBuildFile; fileRef = OBJ_19 /* String+Appendix.swift */; };
		OBJ_48 /* UIColor+Appendix.swift in Sources */ = {isa = PBXBuildFile; fileRef = OBJ_20 /* UIColor+Appendix.swift */; };
		OBJ_49 /* UIFont+Appendix.swift in Sources */ = {isa = PBXBuildFile; fileRef = OBJ_21 /* UIFont+Appendix.swift */; };
		OBJ_50 /* UIImage+Appendix.swift in Sources */ = {isa = PBXBuildFile; fileRef = OBJ_22 /* UIImage+Appendix.swift */; };
		OBJ_51 /* UILabel+Appendix.swift in Sources */ = {isa = PBXBuildFile; fileRef = OBJ_23 /* UILabel+Appendix.swift */; };
		OBJ_52 /* UINavigationController+Appendix.swift in Sources */ = {isa = PBXBuildFile; fileRef = OBJ_24 /* UINavigationController+Appendix.swift */; };
		OBJ_53 /* UITableView+Appendix.swift in Sources */ = {isa = PBXBuildFile; fileRef = OBJ_25 /* UITableView+Appendix.swift */; };
		OBJ_54 /* UITextView+Appendix.swift in Sources */ = {isa = PBXBuildFile; fileRef = OBJ_26 /* UITextView+Appendix.swift */; };
		OBJ_55 /* UIView+Appendix.swift in Sources */ = {isa = PBXBuildFile; fileRef = OBJ_27 /* UIView+Appendix.swift */; };
/* End PBXBuildFile section */

/* Begin PBXFileReference section */
		D73C3A411F3E0431007A09A8 /* CGPoint+Appendix.swift */ = {isa = PBXFileReference; fileEncoding = 4; lastKnownFileType = sourcecode.swift; path = "CGPoint+Appendix.swift"; sourceTree = "<group>"; };
		D73C3A431F3E0535007A09A8 /* CGSize+Appendix.swift */ = {isa = PBXFileReference; fileEncoding = 4; lastKnownFileType = sourcecode.swift; path = "CGSize+Appendix.swift"; sourceTree = "<group>"; };
		OBJ_10 /* CGAffineTransform+Appendix.swift */ = {isa = PBXFileReference; lastKnownFileType = sourcecode.swift; path = "CGAffineTransform+Appendix.swift"; sourceTree = "<group>"; };
		OBJ_11 /* CGRect+Appendix.swift */ = {isa = PBXFileReference; lastKnownFileType = sourcecode.swift; path = "CGRect+Appendix.swift"; sourceTree = "<group>"; };
		OBJ_12 /* Date+Appendix.swift */ = {isa = PBXFileReference; lastKnownFileType = sourcecode.swift; path = "Date+Appendix.swift"; sourceTree = "<group>"; };
		OBJ_13 /* Dictionary+Appendix.swift */ = {isa = PBXFileReference; lastKnownFileType = sourcecode.swift; path = "Dictionary+Appendix.swift"; sourceTree = "<group>"; };
		OBJ_14 /* Dispatch+Appendix.swift */ = {isa = PBXFileReference; lastKnownFileType = sourcecode.swift; path = "Dispatch+Appendix.swift"; sourceTree = "<group>"; };
		OBJ_15 /* Int+Appendix.swift */ = {isa = PBXFileReference; lastKnownFileType = sourcecode.swift; path = "Int+Appendix.swift"; sourceTree = "<group>"; };
		OBJ_16 /* NSAttributedString+Appendix.swift */ = {isa = PBXFileReference; lastKnownFileType = sourcecode.swift; path = "NSAttributedString+Appendix.swift"; sourceTree = "<group>"; };
		OBJ_17 /* NSNumberFormatter+Appendix.swift */ = {isa = PBXFileReference; lastKnownFileType = sourcecode.swift; path = "NSNumberFormatter+Appendix.swift"; sourceTree = "<group>"; };
		OBJ_18 /* NSURL+Appendix.swift */ = {isa = PBXFileReference; lastKnownFileType = sourcecode.swift; path = "NSURL+Appendix.swift"; sourceTree = "<group>"; };
		OBJ_19 /* String+Appendix.swift */ = {isa = PBXFileReference; lastKnownFileType = sourcecode.swift; path = "String+Appendix.swift"; sourceTree = "<group>"; };
		OBJ_20 /* UIColor+Appendix.swift */ = {isa = PBXFileReference; lastKnownFileType = sourcecode.swift; path = "UIColor+Appendix.swift"; sourceTree = "<group>"; };
		OBJ_21 /* UIFont+Appendix.swift */ = {isa = PBXFileReference; lastKnownFileType = sourcecode.swift; path = "UIFont+Appendix.swift"; sourceTree = "<group>"; };
		OBJ_22 /* UIImage+Appendix.swift */ = {isa = PBXFileReference; lastKnownFileType = sourcecode.swift; path = "UIImage+Appendix.swift"; sourceTree = "<group>"; };
		OBJ_23 /* UILabel+Appendix.swift */ = {isa = PBXFileReference; lastKnownFileType = sourcecode.swift; path = "UILabel+Appendix.swift"; sourceTree = "<group>"; };
		OBJ_24 /* UINavigationController+Appendix.swift */ = {isa = PBXFileReference; lastKnownFileType = sourcecode.swift; path = "UINavigationController+Appendix.swift"; sourceTree = "<group>"; };
		OBJ_25 /* UITableView+Appendix.swift */ = {isa = PBXFileReference; lastKnownFileType = sourcecode.swift; path = "UITableView+Appendix.swift"; sourceTree = "<group>"; };
		OBJ_26 /* UITextView+Appendix.swift */ = {isa = PBXFileReference; lastKnownFileType = sourcecode.swift; path = "UITextView+Appendix.swift"; sourceTree = "<group>"; };
		OBJ_27 /* UIView+Appendix.swift */ = {isa = PBXFileReference; lastKnownFileType = sourcecode.swift; path = "UIView+Appendix.swift"; sourceTree = "<group>"; };
		OBJ_30 /* Appendix.framework */ = {isa = PBXFileReference; lastKnownFileType = wrapper.framework; path = Appendix.framework; sourceTree = BUILT_PRODUCTS_DIR; };
		OBJ_6 /* Package.swift */ = {isa = PBXFileReference; explicitFileType = sourcecode.swift; path = Package.swift; sourceTree = "<group>"; };
		OBJ_8 /* Appendix.swift */ = {isa = PBXFileReference; lastKnownFileType = sourcecode.swift; path = Appendix.swift; sourceTree = "<group>"; };
		OBJ_9 /* Array+Appendix.swift */ = {isa = PBXFileReference; lastKnownFileType = sourcecode.swift; path = "Array+Appendix.swift"; sourceTree = "<group>"; };
/* End PBXFileReference section */

/* Begin PBXFrameworksBuildPhase section */
		OBJ_56 /* Frameworks */ = {
			isa = PBXFrameworksBuildPhase;
			buildActionMask = 0;
			files = (
			);
			runOnlyForDeploymentPostprocessing = 0;
		};
/* End PBXFrameworksBuildPhase section */

/* Begin PBXGroup section */
		OBJ_28 /* Tests */ = {
			isa = PBXGroup;
			children = (
			);
			name = Tests;
			sourceTree = SOURCE_ROOT;
		};
		OBJ_29 /* Products */ = {
			isa = PBXGroup;
			children = (
				OBJ_30 /* Appendix.framework */,
			);
			name = Products;
			sourceTree = BUILT_PRODUCTS_DIR;
		};
		OBJ_5 /*  */ = {
			isa = PBXGroup;
			children = (
				OBJ_6 /* Package.swift */,
				OBJ_7 /* Sources */,
				OBJ_28 /* Tests */,
				OBJ_29 /* Products */,
			);
			name = "";
			sourceTree = "<group>";
		};
		OBJ_7 /* Sources */ = {
			isa = PBXGroup;
			children = (
				OBJ_8 /* Appendix.swift */,
				OBJ_9 /* Array+Appendix.swift */,
				OBJ_10 /* CGAffineTransform+Appendix.swift */,
				OBJ_11 /* CGRect+Appendix.swift */,
				OBJ_12 /* Date+Appendix.swift */,
				OBJ_13 /* Dictionary+Appendix.swift */,
				OBJ_14 /* Dispatch+Appendix.swift */,
				OBJ_15 /* Int+Appendix.swift */,
				OBJ_16 /* NSAttributedString+Appendix.swift */,
				OBJ_17 /* NSNumberFormatter+Appendix.swift */,
				OBJ_18 /* NSURL+Appendix.swift */,
				OBJ_19 /* String+Appendix.swift */,
				OBJ_20 /* UIColor+Appendix.swift */,
				OBJ_21 /* UIFont+Appendix.swift */,
				OBJ_22 /* UIImage+Appendix.swift */,
				OBJ_23 /* UILabel+Appendix.swift */,
				OBJ_24 /* UINavigationController+Appendix.swift */,
				OBJ_25 /* UITableView+Appendix.swift */,
				OBJ_26 /* UITextView+Appendix.swift */,
				OBJ_27 /* UIView+Appendix.swift */,
				D73C3A411F3E0431007A09A8 /* CGPoint+Appendix.swift */,
				D73C3A431F3E0535007A09A8 /* CGSize+Appendix.swift */,
			);
			path = Sources;
			sourceTree = SOURCE_ROOT;
		};
/* End PBXGroup section */

/* Begin PBXNativeTarget section */
		OBJ_31 /* Appendix */ = {
			isa = PBXNativeTarget;
			buildConfigurationList = OBJ_32 /* Build configuration list for PBXNativeTarget "Appendix" */;
			buildPhases = (
				OBJ_35 /* Sources */,
				OBJ_56 /* Frameworks */,
			);
			buildRules = (
			);
			dependencies = (
			);
			name = Appendix;
			productName = Appendix;
			productReference = OBJ_30 /* Appendix.framework */;
			productType = "com.apple.product-type.framework";
		};
/* End PBXNativeTarget section */

/* Begin PBXProject section */
		OBJ_1 /* Project object */ = {
			isa = PBXProject;
			attributes = {
				LastUpgradeCheck = 9999;
			};
			buildConfigurationList = OBJ_2 /* Build configuration list for PBXProject "Appendix" */;
			compatibilityVersion = "Xcode 3.2";
			developmentRegion = English;
			hasScannedForEncodings = 0;
			knownRegions = (
				en,
			);
			mainGroup = OBJ_5 /*  */;
			productRefGroup = OBJ_29 /* Products */;
			projectDirPath = "";
			projectRoot = "";
			targets = (
				OBJ_31 /* Appendix */,
			);
		};
/* End PBXProject section */

/* Begin PBXSourcesBuildPhase section */
		OBJ_35 /* Sources */ = {
			isa = PBXSourcesBuildPhase;
			buildActionMask = 0;
			files = (
				OBJ_36 /* Appendix.swift in Sources */,
				OBJ_37 /* Array+Appendix.swift in Sources */,
				OBJ_38 /* CGAffineTransform+Appendix.swift in Sources */,
				OBJ_39 /* CGRect+Appendix.swift in Sources */,
				OBJ_40 /* Date+Appendix.swift in Sources */,
				OBJ_41 /* Dictionary+Appendix.swift in Sources */,
				OBJ_42 /* Dispatch+Appendix.swift in Sources */,
				OBJ_43 /* Int+Appendix.swift in Sources */,
				OBJ_44 /* NSAttributedString+Appendix.swift in Sources */,
				OBJ_45 /* NSNumberFormatter+Appendix.swift in Sources */,
				OBJ_46 /* NSURL+Appendix.swift in Sources */,
				OBJ_47 /* String+Appendix.swift in Sources */,
				OBJ_48 /* UIColor+Appendix.swift in Sources */,
				OBJ_49 /* UIFont+Appendix.swift in Sources */,
				OBJ_50 /* UIImage+Appendix.swift in Sources */,
				OBJ_51 /* UILabel+Appendix.swift in Sources */,
				OBJ_52 /* UINavigationController+Appendix.swift in Sources */,
				D73C3A441F3E0535007A09A8 /* CGSize+Appendix.swift in Sources */,
				OBJ_53 /* UITableView+Appendix.swift in Sources */,
				D73C3A421F3E0431007A09A8 /* CGPoint+Appendix.swift in Sources */,
				OBJ_54 /* UITextView+Appendix.swift in Sources */,
				OBJ_55 /* UIView+Appendix.swift in Sources */,
			);
			runOnlyForDeploymentPostprocessing = 0;
		};
/* End PBXSourcesBuildPhase section */

/* Begin XCBuildConfiguration section */
		OBJ_3 /* Debug */ = {
			isa = XCBuildConfiguration;
			buildSettings = {
				CLANG_ENABLE_OBJC_ARC = YES;
				COMBINE_HIDPI_IMAGES = YES;
				COPY_PHASE_STRIP = NO;
				DEBUG_INFORMATION_FORMAT = dwarf;
				DYLIB_INSTALL_NAME_BASE = "@rpath";
				ENABLE_NS_ASSERTIONS = YES;
				GCC_OPTIMIZATION_LEVEL = 0;
				MACOSX_DEPLOYMENT_TARGET = 10.10;
				ONLY_ACTIVE_ARCH = YES;
				OTHER_SWIFT_FLAGS = "-DXcode";
				PRODUCT_NAME = "$(TARGET_NAME)";
				SDKROOT = macosx;
				SUPPORTED_PLATFORMS = "macosx iphoneos iphonesimulator appletvos appletvsimulator watchos watchsimulator";
				SWIFT_ACTIVE_COMPILATION_CONDITIONS = SWIFT_PACKAGE;
				SWIFT_OPTIMIZATION_LEVEL = "-Onone";
				SWIFT_VERSION = 3.0;
				USE_HEADERMAP = NO;
			};
			name = Debug;
		};
		OBJ_33 /* Debug */ = {
			isa = XCBuildConfiguration;
			buildSettings = {
				ENABLE_TESTABILITY = YES;
				FRAMEWORK_SEARCH_PATHS = (
					"$(inherited)",
					"$(PLATFORM_DIR)/Developer/Library/Frameworks",
				);
				HEADER_SEARCH_PATHS = "$(inherited)";
				INFOPLIST_FILE = Appendix.xcodeproj/Appendix_Info.plist;
				LD_RUNPATH_SEARCH_PATHS = "$(TOOLCHAIN_DIR)/usr/lib/swift/macosx";
				OTHER_LDFLAGS = "$(inherited)";
				OTHER_SWIFT_FLAGS = "$(inherited)";
				PRODUCT_BUNDLE_IDENTIFIER = Appendix;
				PRODUCT_MODULE_NAME = "$(TARGET_NAME:c99extidentifier)";
				PRODUCT_NAME = "$(TARGET_NAME:c99extidentifier)";
				SKIP_INSTALL = YES;
				TARGET_NAME = Appendix;
			};
			name = Debug;
		};
		OBJ_34 /* Release */ = {
			isa = XCBuildConfiguration;
			buildSettings = {
				ENABLE_TESTABILITY = YES;
				FRAMEWORK_SEARCH_PATHS = (
					"$(inherited)",
					"$(PLATFORM_DIR)/Developer/Library/Frameworks",
				);
				HEADER_SEARCH_PATHS = "$(inherited)";
				INFOPLIST_FILE = Appendix.xcodeproj/Appendix_Info.plist;
				LD_RUNPATH_SEARCH_PATHS = "$(TOOLCHAIN_DIR)/usr/lib/swift/macosx";
				OTHER_LDFLAGS = "$(inherited)";
				OTHER_SWIFT_FLAGS = "$(inherited)";
				PRODUCT_BUNDLE_IDENTIFIER = Appendix;
				PRODUCT_MODULE_NAME = "$(TARGET_NAME:c99extidentifier)";
				PRODUCT_NAME = "$(TARGET_NAME:c99extidentifier)";
				SKIP_INSTALL = YES;
				TARGET_NAME = Appendix;
			};
			name = Release;
		};
		OBJ_4 /* Release */ = {
			isa = XCBuildConfiguration;
			buildSettings = {
				CLANG_ENABLE_OBJC_ARC = YES;
				COMBINE_HIDPI_IMAGES = YES;
				COPY_PHASE_STRIP = YES;
				DEBUG_INFORMATION_FORMAT = "dwarf-with-dsym";
				DYLIB_INSTALL_NAME_BASE = "@rpath";
				GCC_OPTIMIZATION_LEVEL = s;
				MACOSX_DEPLOYMENT_TARGET = 10.10;
				OTHER_SWIFT_FLAGS = "-DXcode";
				PRODUCT_NAME = "$(TARGET_NAME)";
				SDKROOT = macosx;
				SUPPORTED_PLATFORMS = "macosx iphoneos iphonesimulator appletvos appletvsimulator watchos watchsimulator";
				SWIFT_ACTIVE_COMPILATION_CONDITIONS = SWIFT_PACKAGE;
				SWIFT_OPTIMIZATION_LEVEL = "-Owholemodule";
				SWIFT_VERSION = 3.0;
				USE_HEADERMAP = NO;
			};
			name = Release;
		};
/* End XCBuildConfiguration section */

/* Begin XCConfigurationList section */
		OBJ_2 /* Build configuration list for PBXProject "Appendix" */ = {
			isa = XCConfigurationList;
			buildConfigurations = (
				OBJ_3 /* Debug */,
				OBJ_4 /* Release */,
			);
			defaultConfigurationIsVisible = 0;
			defaultConfigurationName = Debug;
		};
		OBJ_32 /* Build configuration list for PBXNativeTarget "Appendix" */ = {
			isa = XCConfigurationList;
			buildConfigurations = (
				OBJ_33 /* Debug */,
				OBJ_34 /* Release */,
			);
			defaultConfigurationIsVisible = 0;
			defaultConfigurationName = Debug;
		};
/* End XCConfigurationList section */
	};
	rootObject = OBJ_1 /* Project object */;
}
