// !$*UTF8*$!
{
	archiveVersion = 1;
	classes = {
	};
	objectVersion = 46;
	objects = {

/* Begin PBXBuildFile section */
		A98A00011B418C990070711D /* Appendix.framework in Frameworks */ = {isa = PBXBuildFile; fileRef = A98AFFF51B418C990070711D /* Appendix.framework */; };
		A98A00081B418C990070711D /* AppendixTests.swift in Sources */ = {isa = PBXBuildFile; fileRef = A98A00071B418C990070711D /* AppendixTests.swift */; };
		A98AFFFB1B418C990070711D /* Appendix.h in Headers */ = {isa = PBXBuildFile; fileRef = A98AFFFA1B418C990070711D /* Appendix.h */; settings = {ATTRIBUTES = (Public, ); }; };
/* End PBXBuildFile section */

/* Begin PBXContainerItemProxy section */
		A98A00021B418C990070711D /* PBXContainerItemProxy */ = {
			isa = PBXContainerItemProxy;
			containerPortal = A98AFFEC1B418C990070711D /* Project object */;
			proxyType = 1;
			remoteGlobalIDString = A98AFFF41B418C990070711D;
			remoteInfo = Appendix;
		};
/* End PBXContainerItemProxy section */

/* Begin PBXFileReference section */
		A98A00001B418C990070711D /* AppendixTests.xctest */ = {isa = PBXFileReference; explicitFileType = wrapper.cfbundle; includeInIndex = 0; path = AppendixTests.xctest; sourceTree = BUILT_PRODUCTS_DIR; };
		A98A00061B418C990070711D /* Info.plist */ = {isa = PBXFileReference; lastKnownFileType = text.plist.xml; path = Info.plist; sourceTree = "<group>"; };
		A98A00071B418C990070711D /* AppendixTests.swift */ = {isa = PBXFileReference; lastKnownFileType = sourcecode.swift; path = AppendixTests.swift; sourceTree = "<group>"; };
		A98AFFF51B418C990070711D /* Appendix.framework */ = {isa = PBXFileReference; explicitFileType = wrapper.framework; includeInIndex = 0; path = Appendix.framework; sourceTree = BUILT_PRODUCTS_DIR; };
		A98AFFF91B418C990070711D /* Info.plist */ = {isa = PBXFileReference; lastKnownFileType = text.plist.xml; path = Info.plist; sourceTree = "<group>"; };
		A98AFFFA1B418C990070711D /* Appendix.h */ = {isa = PBXFileReference; lastKnownFileType = sourcecode.c.h; path = Appendix.h; sourceTree = "<group>"; };
/* End PBXFileReference section */

/* Begin PBXFrameworksBuildPhase section */
		A98AFFF11B418C990070711D /* Frameworks */ = {
			isa = PBXFrameworksBuildPhase;
			buildActionMask = 2147483647;
			files = (
			);
			runOnlyForDeploymentPostprocessing = 0;
		};
		A98AFFFD1B418C990070711D /* Frameworks */ = {
			isa = PBXFrameworksBuildPhase;
			buildActionMask = 2147483647;
			files = (
				A98A00011B418C990070711D /* Appendix.framework in Frameworks */,
			);
			runOnlyForDeploymentPostprocessing = 0;
		};
/* End PBXFrameworksBuildPhase section */

/* Begin PBXGroup section */
		A98A00041B418C990070711D /* AppendixTests */ = {
			isa = PBXGroup;
			children = (
				A98A00071B418C990070711D /* AppendixTests.swift */,
				A98A00051B418C990070711D /* Supporting Files */,
			);
			path = AppendixTests;
			sourceTree = "<group>";
		};
		A98A00051B418C990070711D /* Supporting Files */ = {
			isa = PBXGroup;
			children = (
				A98A00061B418C990070711D /* Info.plist */,
			);
			name = "Supporting Files";
			sourceTree = "<group>";
		};
		A98AFFEB1B418C990070711D = {
			isa = PBXGroup;
			children = (
				A98AFFF71B418C990070711D /* Appendix */,
				A98A00041B418C990070711D /* AppendixTests */,
				A98AFFF61B418C990070711D /* Products */,
			);
			sourceTree = "<group>";
		};
		A98AFFF61B418C990070711D /* Products */ = {
			isa = PBXGroup;
			children = (
				A98AFFF51B418C990070711D /* Appendix.framework */,
				A98A00001B418C990070711D /* AppendixTests.xctest */,
			);
			name = Products;
			sourceTree = "<group>";
		};
		A98AFFF71B418C990070711D /* Appendix */ = {
			isa = PBXGroup;
			children = (
				A98AFFFA1B418C990070711D /* Appendix.h */,
				A98AFFF81B418C990070711D /* Supporting Files */,
			);
			path = Appendix;
			sourceTree = "<group>";
		};
		A98AFFF81B418C990070711D /* Supporting Files */ = {
			isa = PBXGroup;
			children = (
				A98AFFF91B418C990070711D /* Info.plist */,
			);
			name = "Supporting Files";
			sourceTree = "<group>";
		};
/* End PBXGroup section */

/* Begin PBXHeadersBuildPhase section */
		A98AFFF21B418C990070711D /* Headers */ = {
			isa = PBXHeadersBuildPhase;
			buildActionMask = 2147483647;
			files = (
				A98AFFFB1B418C990070711D /* Appendix.h in Headers */,
			);
			runOnlyForDeploymentPostprocessing = 0;
		};
/* End PBXHeadersBuildPhase section */

/* Begin PBXNativeTarget section */
		A98AFFF41B418C990070711D /* Appendix */ = {
			isa = PBXNativeTarget;
			buildConfigurationList = A98A000B1B418C990070711D /* Build configuration list for PBXNativeTarget "Appendix" */;
			buildPhases = (
				A98AFFF01B418C990070711D /* Sources */,
				A98AFFF11B418C990070711D /* Frameworks */,
				A98AFFF21B418C990070711D /* Headers */,
				A98AFFF31B418C990070711D /* Resources */,
			);
			buildRules = (
			);
			dependencies = (
			);
			name = Appendix;
			productName = Appendix;
			productReference = A98AFFF51B418C990070711D /* Appendix.framework */;
			productType = "com.apple.product-type.framework";
		};
		A98AFFFF1B418C990070711D /* AppendixTests */ = {
			isa = PBXNativeTarget;
			buildConfigurationList = A98A000E1B418C990070711D /* Build configuration list for PBXNativeTarget "AppendixTests" */;
			buildPhases = (
				A98AFFFC1B418C990070711D /* Sources */,
				A98AFFFD1B418C990070711D /* Frameworks */,
				A98AFFFE1B418C990070711D /* Resources */,
			);
			buildRules = (
			);
			dependencies = (
				A98A00031B418C990070711D /* PBXTargetDependency */,
			);
			name = AppendixTests;
			productName = AppendixTests;
			productReference = A98A00001B418C990070711D /* AppendixTests.xctest */;
			productType = "com.apple.product-type.bundle.unit-test";
		};
/* End PBXNativeTarget section */

/* Begin PBXProject section */
		A98AFFEC1B418C990070711D /* Project object */ = {
			isa = PBXProject;
			attributes = {
				LastUpgradeCheck = 0630;
				ORGANIZATIONNAME = "Wess Cope";
				TargetAttributes = {
					A98AFFF41B418C990070711D = {
						CreatedOnToolsVersion = 6.3.2;
					};
					A98AFFFF1B418C990070711D = {
						CreatedOnToolsVersion = 6.3.2;
					};
				};
			};
			buildConfigurationList = A98AFFEF1B418C990070711D /* Build configuration list for PBXProject "Appendix" */;
			compatibilityVersion = "Xcode 3.2";
			developmentRegion = English;
			hasScannedForEncodings = 0;
			knownRegions = (
				en,
			);
			mainGroup = A98AFFEB1B418C990070711D;
			productRefGroup = A98AFFF61B418C990070711D /* Products */;
			projectDirPath = "";
			projectRoot = "";
			targets = (
				A98AFFF41B418C990070711D /* Appendix */,
				A98AFFFF1B418C990070711D /* AppendixTests */,
			);
		};
/* End PBXProject section */

/* Begin PBXResourcesBuildPhase section */
		A98AFFF31B418C990070711D /* Resources */ = {
			isa = PBXResourcesBuildPhase;
			buildActionMask = 2147483647;
			files = (
			);
			runOnlyForDeploymentPostprocessing = 0;
		};
		A98AFFFE1B418C990070711D /* Resources */ = {
			isa = PBXResourcesBuildPhase;
			buildActionMask = 2147483647;
			files = (
			);
			runOnlyForDeploymentPostprocessing = 0;
		};
/* End PBXResourcesBuildPhase section */

/* Begin PBXSourcesBuildPhase section */
		A98AFFF01B418C990070711D /* Sources */ = {
			isa = PBXSourcesBuildPhase;
			buildActionMask = 2147483647;
			files = (
			);
			runOnlyForDeploymentPostprocessing = 0;
		};
		A98AFFFC1B418C990070711D /* Sources */ = {
			isa = PBXSourcesBuildPhase;
			buildActionMask = 2147483647;
			files = (
				A98A00081B418C990070711D /* AppendixTests.swift in Sources */,
			);
			runOnlyForDeploymentPostprocessing = 0;
		};
/* End PBXSourcesBuildPhase section */

/* Begin PBXTargetDependency section */
		A98A00031B418C990070711D /* PBXTargetDependency */ = {
			isa = PBXTargetDependency;
			target = A98AFFF41B418C990070711D /* Appendix */;
			targetProxy = A98A00021B418C990070711D /* PBXContainerItemProxy */;
		};
/* End PBXTargetDependency section */

/* Begin XCBuildConfiguration section */
		A98A00091B418C990070711D /* Debug */ = {
			isa = XCBuildConfiguration;
			buildSettings = {
				ALWAYS_SEARCH_USER_PATHS = NO;
				CLANG_CXX_LANGUAGE_STANDARD = "gnu++0x";
				CLANG_CXX_LIBRARY = "libc++";
				CLANG_ENABLE_MODULES = YES;
				CLANG_ENABLE_OBJC_ARC = YES;
				CLANG_WARN_BOOL_CONVERSION = YES;
				CLANG_WARN_CONSTANT_CONVERSION = YES;
				CLANG_WARN_DIRECT_OBJC_ISA_USAGE = YES_ERROR;
				CLANG_WARN_EMPTY_BODY = YES;
				CLANG_WARN_ENUM_CONVERSION = YES;
				CLANG_WARN_INT_CONVERSION = YES;
				CLANG_WARN_OBJC_ROOT_CLASS = YES_ERROR;
				CLANG_WARN_UNREACHABLE_CODE = YES;
				CLANG_WARN__DUPLICATE_METHOD_MATCH = YES;
				"CODE_SIGN_IDENTITY[sdk=iphoneos*]" = "iPhone Developer";
				COPY_PHASE_STRIP = NO;
				CURRENT_PROJECT_VERSION = 1;
				DEBUG_INFORMATION_FORMAT = "dwarf-with-dsym";
				ENABLE_STRICT_OBJC_MSGSEND = YES;
				GCC_C_LANGUAGE_STANDARD = gnu99;
				GCC_DYNAMIC_NO_PIC = NO;
				GCC_NO_COMMON_BLOCKS = YES;
				GCC_OPTIMIZATION_LEVEL = 0;
				GCC_PREPROCESSOR_DEFINITIONS = (
					"DEBUG=1",
					"$(inherited)",
				);
				GCC_SYMBOLS_PRIVATE_EXTERN = NO;
				GCC_WARN_64_TO_32_BIT_CONVERSION = YES;
				GCC_WARN_ABOUT_RETURN_TYPE = YES_ERROR;
				GCC_WARN_UNDECLARED_SELECTOR = YES;
				GCC_WARN_UNINITIALIZED_AUTOS = YES_AGGRESSIVE;
				GCC_WARN_UNUSED_FUNCTION = YES;
				GCC_WARN_UNUSED_VARIABLE = YES;
				IPHONEOS_DEPLOYMENT_TARGET = 8.3;
				MTL_ENABLE_DEBUG_INFO = YES;
				ONLY_ACTIVE_ARCH = YES;
				SDKROOT = iphoneos;
				SWIFT_OPTIMIZATION_LEVEL = "-Onone";
				TARGETED_DEVICE_FAMILY = "1,2";
				VERSIONING_SYSTEM = "apple-generic";
				VERSION_INFO_PREFIX = "";
			};
			name = Debug;
		};
		A98A000A1B418C990070711D /* Release */ = {
			isa = XCBuildConfiguration;
			buildSettings = {
				ALWAYS_SEARCH_USER_PATHS = NO;
				CLANG_CXX_LANGUAGE_STANDARD = "gnu++0x";
				CLANG_CXX_LIBRARY = "libc++";
				CLANG_ENABLE_MODULES = YES;
				CLANG_ENABLE_OBJC_ARC = YES;
				CLANG_WARN_BOOL_CONVERSION = YES;
				CLANG_WARN_CONSTANT_CONVERSION = YES;
				CLANG_WARN_DIRECT_OBJC_ISA_USAGE = YES_ERROR;
				CLANG_WARN_EMPTY_BODY = YES;
				CLANG_WARN_ENUM_CONVERSION = YES;
				CLANG_WARN_INT_CONVERSION = YES;
				CLANG_WARN_OBJC_ROOT_CLASS = YES_ERROR;
				CLANG_WARN_UNREACHABLE_CODE = YES;
				CLANG_WARN__DUPLICATE_METHOD_MATCH = YES;
				"CODE_SIGN_IDENTITY[sdk=iphoneos*]" = "iPhone Developer";
				COPY_PHASE_STRIP = NO;
				CURRENT_PROJECT_VERSION = 1;
				DEBUG_INFORMATION_FORMAT = "dwarf-with-dsym";
				ENABLE_NS_ASSERTIONS = NO;
				ENABLE_STRICT_OBJC_MSGSEND = YES;
				GCC_C_LANGUAGE_STANDARD = gnu99;
				GCC_NO_COMMON_BLOCKS = YES;
				GCC_WARN_64_TO_32_BIT_CONVERSION = YES;
				GCC_WARN_ABOUT_RETURN_TYPE = YES_ERROR;
				GCC_WARN_UNDECLARED_SELECTOR = YES;
				GCC_WARN_UNINITIALIZED_AUTOS = YES_AGGRESSIVE;
				GCC_WARN_UNUSED_FUNCTION = YES;
				GCC_WARN_UNUSED_VARIABLE = YES;
				IPHONEOS_DEPLOYMENT_TARGET = 8.3;
				MTL_ENABLE_DEBUG_INFO = NO;
				SDKROOT = iphoneos;
				TARGETED_DEVICE_FAMILY = "1,2";
				VALIDATE_PRODUCT = YES;
				VERSIONING_SYSTEM = "apple-generic";
				VERSION_INFO_PREFIX = "";
			};
			name = Release;
		};
		A98A000C1B418C990070711D /* Debug */ = {
			isa = XCBuildConfiguration;
			buildSettings = {
				DEFINES_MODULE = YES;
				DYLIB_COMPATIBILITY_VERSION = 1;
				DYLIB_CURRENT_VERSION = 1;
				DYLIB_INSTALL_NAME_BASE = "@rpath";
				INFOPLIST_FILE = Appendix/Info.plist;
				INSTALL_PATH = "$(LOCAL_LIBRARY_DIR)/Frameworks";
				LD_RUNPATH_SEARCH_PATHS = "$(inherited) @executable_path/Frameworks @loader_path/Frameworks";
				PRODUCT_NAME = "$(TARGET_NAME)";
				SKIP_INSTALL = YES;
			};
			name = Debug;
		};
		A98A000D1B418C990070711D /* Release */ = {
			isa = XCBuildConfiguration;
			buildSettings = {
				DEFINES_MODULE = YES;
				DYLIB_COMPATIBILITY_VERSION = 1;
				DYLIB_CURRENT_VERSION = 1;
				DYLIB_INSTALL_NAME_BASE = "@rpath";
				INFOPLIST_FILE = Appendix/Info.plist;
				INSTALL_PATH = "$(LOCAL_LIBRARY_DIR)/Frameworks";
				LD_RUNPATH_SEARCH_PATHS = "$(inherited) @executable_path/Frameworks @loader_path/Frameworks";
				PRODUCT_NAME = "$(TARGET_NAME)";
				SKIP_INSTALL = YES;
			};
			name = Release;
		};
		A98A000F1B418C990070711D /* Debug */ = {
			isa = XCBuildConfiguration;
			buildSettings = {
				FRAMEWORK_SEARCH_PATHS = (
					"$(SDKROOT)/Developer/Library/Frameworks",
					"$(inherited)",
				);
				GCC_PREPROCESSOR_DEFINITIONS = (
					"DEBUG=1",
					"$(inherited)",
				);
				INFOPLIST_FILE = AppendixTests/Info.plist;
				LD_RUNPATH_SEARCH_PATHS = "$(inherited) @executable_path/Frameworks @loader_path/Frameworks";
				PRODUCT_NAME = "$(TARGET_NAME)";
			};
			name = Debug;
		};
		A98A00101B418C990070711D /* Release */ = {
			isa = XCBuildConfiguration;
			buildSettings = {
				FRAMEWORK_SEARCH_PATHS = (
					"$(SDKROOT)/Developer/Library/Frameworks",
					"$(inherited)",
				);
				INFOPLIST_FILE = AppendixTests/Info.plist;
				LD_RUNPATH_SEARCH_PATHS = "$(inherited) @executable_path/Frameworks @loader_path/Frameworks";
				PRODUCT_NAME = "$(TARGET_NAME)";
			};
			name = Release;
		};
/* End XCBuildConfiguration section */

/* Begin XCConfigurationList section */
		A98A000B1B418C990070711D /* Build configuration list for PBXNativeTarget "Appendix" */ = {
			isa = XCConfigurationList;
			buildConfigurations = (
				A98A000C1B418C990070711D /* Debug */,
				A98A000D1B418C990070711D /* Release */,
			);
			defaultConfigurationIsVisible = 0;
		};
		A98A000E1B418C990070711D /* Build configuration list for PBXNativeTarget "AppendixTests" */ = {
			isa = XCConfigurationList;
			buildConfigurations = (
				A98A000F1B418C990070711D /* Debug */,
				A98A00101B418C990070711D /* Release */,
			);
			defaultConfigurationIsVisible = 0;
		};
		A98AFFEF1B418C990070711D /* Build configuration list for PBXProject "Appendix" */ = {
			isa = XCConfigurationList;
			buildConfigurations = (
				A98A00091B418C990070711D /* Debug */,
				A98A000A1B418C990070711D /* Release */,
			);
			defaultConfigurationIsVisible = 0;
			defaultConfigurationName = Release;
		};
/* End XCConfigurationList section */
	};
	rootObject = A98AFFEC1B418C990070711D /* Project object */;
}
